
Microsoft Visual Studio Solution File, Format Version 12.00
# Visual Studio Version 16
VisualStudioVersion = 16.0.30611.23
MinimumVisualStudioVersion = 10.0.40219.1
Project("{FAE04EC0-301F-11D3-BF4B-00C04F79EFBC}") = "Exercice3", "Exercice3.csproj", "{B2DD2F71-04FE-40A6-B791-5783A434C605}"
EndProject
Global
	GlobalSection(SolutionConfigurationPlatforms) = preSolution
		Debug|Any CPU = Debug|Any CPU
		Release|Any CPU = Release|Any CPU
	EndGlobalSection
	GlobalSection(ProjectConfigurationPlatforms) = postSolution
		{B2DD2F71-04FE-40A6-B791-5783A434C605}.Debug|Any CPU.ActiveCfg = Debug|Any CPU
		{B2DD2F71-04FE-40A6-B791-5783A434C605}.Debug|Any CPU.Build.0 = Debug|Any CPU
		{B2DD2F71-04FE-40A6-B791-5783A434C605}.Release|Any CPU.ActiveCfg = Release|Any CPU
		{B2DD2F71-04FE-40A6-B791-5783A434C605}.Release|Any CPU.Build.0 = Release|Any CPU
	EndGlobalSection
	GlobalSection(SolutionProperties) = preSolution
		HideSolutionNode = FALSE
	EndGlobalSection
	GlobalSection(ExtensibilityGlobals) = postSolution
		SolutionGuid = {E9E0BD17-D2F1-442A-A9C2-67247D15BCD8}
	EndGlobalSection
EndGlobal
